
Microsoft Visual Studio Solution File, Format Version 12.00
# Visual Studio Version 17
VisualStudioVersion = 17.13.35806.99 d17.13
MinimumVisualStudioVersion = 10.0.40219.1
Project("{FAE04EC0-301F-11D3-BF4B-00C04F79EFBC}") = "SmartSoldier", "SmartSoldier\SmartSoldier.csproj", "{01E837DC-3CAF-469A-A2B9-E9FD2413FFC8}"
EndProject
Global
	GlobalSection(SolutionConfigurationPlatforms) = preSolution
		Debug|Any CPU = Debug|Any CPU
		Release|Any CPU = Release|Any CPU
	EndGlobalSection
	GlobalSection(ProjectConfigurationPlatforms) = postSolution
		{01E837DC-3CAF-469A-A2B9-E9FD2413FFC8}.Debug|Any CPU.ActiveCfg = Debug|Any CPU
		{01E837DC-3CAF-469A-A2B9-E9FD2413FFC8}.Debug|Any CPU.Build.0 = Debug|Any CPU
		{01E837DC-3CAF-469A-A2B9-E9FD2413FFC8}.Release|Any CPU.ActiveCfg = Release|Any CPU
		{01E837DC-3CAF-469A-A2B9-E9FD2413FFC8}.Release|Any CPU.Build.0 = Release|Any CPU
	EndGlobalSection
	GlobalSection(SolutionProperties) = preSolution
		HideSolutionNode = FALSE
	EndGlobalSection
	GlobalSection(ExtensibilityGlobals) = postSolution
		SolutionGuid = {ED8CB8B5-60CC-4428-95EF-8DD773F5B5C1}
	EndGlobalSection
EndGlobal
